
Microsoft Visual Studio Solution File, Format Version 12.00
# Visual Studio Version 17
VisualStudioVersion = 17.6.33723.286
MinimumVisualStudioVersion = 10.0.40219.1
Project("{FAE04EC0-301F-11D3-BF4B-00C04F79EFBC}") = "Collections", "Collections.csproj", "{5C867239-3C15-45DA-929F-90526B47742F}"
EndProject
Global
	GlobalSection(SolutionConfigurationPlatforms) = preSolution
		Debug|Any CPU = Debug|Any CPU
		Release|Any CPU = Release|Any CPU
	EndGlobalSection
	GlobalSection(ProjectConfigurationPlatforms) = postSolution
		{5C867239-3C15-45DA-929F-90526B47742F}.Debug|Any CPU.ActiveCfg = Debug|Any CPU
		{5C867239-3C15-45DA-929F-90526B47742F}.Debug|Any CPU.Build.0 = Debug|Any CPU
		{5C867239-3C15-45DA-929F-90526B47742F}.Release|Any CPU.ActiveCfg = Release|Any CPU
		{5C867239-3C15-45DA-929F-90526B47742F}.Release|Any CPU.Build.0 = Release|Any CPU
	EndGlobalSection
	GlobalSection(SolutionProperties) = preSolution
		HideSolutionNode = FALSE
	EndGlobalSection
	GlobalSection(ExtensibilityGlobals) = postSolution
		SolutionGuid = {CF3164B1-90DA-4180-8EFD-775AAA979D88}
	EndGlobalSection
EndGlobal
